
Microsoft Visual Studio Solution File, Format Version 12.00
# Visual Studio Version 16
VisualStudioVersion = 16.0.31702.278
MinimumVisualStudioVersion = 10.0.40219.1
Project("{8BC9CEB8-8B4A-11D0-8D11-00A0C91BC942}") = "Poker_An old cow pulls a broken cart", "Poker_An old cow pulls a broken cart\Poker_An old cow pulls a broken cart.vcxproj", "{B79DC7A3-775C-40B6-A6F2-CBC0E0C941E5}"
EndProject
Global
	GlobalSection(SolutionConfigurationPlatforms) = preSolution
		Debug|x64 = Debug|x64
		Debug|x86 = Debug|x86
		Release|x64 = Release|x64
		Release|x86 = Release|x86
	EndGlobalSection
	GlobalSection(ProjectConfigurationPlatforms) = postSolution
		{B79DC7A3-775C-40B6-A6F2-CBC0E0C941E5}.Debug|x64.ActiveCfg = Debug|x64
		{B79DC7A3-775C-40B6-A6F2-CBC0E0C941E5}.Debug|x64.Build.0 = Debug|x64
		{B79DC7A3-775C-40B6-A6F2-CBC0E0C941E5}.Debug|x86.ActiveCfg = Debug|Win32
		{B79DC7A3-775C-40B6-A6F2-CBC0E0C941E5}.Debug|x86.Build.0 = Debug|Win32
		{B79DC7A3-775C-40B6-A6F2-CBC0E0C941E5}.Release|x64.ActiveCfg = Release|x64
		{B79DC7A3-775C-40B6-A6F2-CBC0E0C941E5}.Release|x64.Build.0 = Release|x64
		{B79DC7A3-775C-40B6-A6F2-CBC0E0C941E5}.Release|x86.ActiveCfg = Release|Win32
		{B79DC7A3-775C-40B6-A6F2-CBC0E0C941E5}.Release|x86.Build.0 = Release|Win32
	EndGlobalSection
	GlobalSection(SolutionProperties) = preSolution
		HideSolutionNode = FALSE
	EndGlobalSection
	GlobalSection(ExtensibilityGlobals) = postSolution
		SolutionGuid = {6642A91E-8D4D-4C35-8B66-504FF0ADDFEB}
	EndGlobalSection
EndGlobal
